// !$*UTF8*$!
{
	archiveVersion = 1;
	classes = {
	};
	objectVersion = 46;
	objects = {

/* Begin PBXBuildFile section */
		D8FBA75A1C602E2700F5455E /* AppDelegate.swift in Sources */ = {isa = PBXBuildFile; fileRef = D8FBA7591C602E2700F5455E /* AppDelegate.swift */; };
		D8FBA75C1C602E2700F5455E /* ViewController.swift in Sources */ = {isa = PBXBuildFile; fileRef = D8FBA75B1C602E2700F5455E /* ViewController.swift */; };
		D8FBA75F1C602E2700F5455E /* Main.storyboard in Resources */ = {isa = PBXBuildFile; fileRef = D8FBA75D1C602E2700F5455E /* Main.storyboard */; };
		D8FBA7611C602E2700F5455E /* Assets.xcassets in Resources */ = {isa = PBXBuildFile; fileRef = D8FBA7601C602E2700F5455E /* Assets.xcassets */; };
		D8FBA7641C602E2700F5455E /* LaunchScreen.storyboard in Resources */ = {isa = PBXBuildFile; fileRef = D8FBA7621C602E2700F5455E /* LaunchScreen.storyboard */; };
		D8FBA7691C602E2700F5455E /* RockPaperScissors WatchKit App.app in Embed Watch Content */ = {isa = PBXBuildFile; fileRef = D8FBA7681C602E2700F5455E /* RockPaperScissors WatchKit App.app */; };
		D8FBA76F1C602E2700F5455E /* Interface.storyboard in Resources */ = {isa = PBXBuildFile; fileRef = D8FBA76D1C602E2700F5455E /* Interface.storyboard */; };
		D8FBA7711C602E2700F5455E /* Assets.xcassets in Resources */ = {isa = PBXBuildFile; fileRef = D8FBA7701C602E2700F5455E /* Assets.xcassets */; };
		D8FBA7781C602E2700F5455E /* RockPaperScissors WatchKit Extension.appex in Embed App Extensions */ = {isa = PBXBuildFile; fileRef = D8FBA7771C602E2700F5455E /* RockPaperScissors WatchKit Extension.appex */; settings = {ATTRIBUTES = (RemoveHeadersOnCopy, ); }; };
		D8FBA77D1C602E2700F5455E /* InterfaceController.swift in Sources */ = {isa = PBXBuildFile; fileRef = D8FBA77C1C602E2700F5455E /* InterfaceController.swift */; };
		D8FBA77F1C602E2700F5455E /* ExtensionDelegate.swift in Sources */ = {isa = PBXBuildFile; fileRef = D8FBA77E1C602E2700F5455E /* ExtensionDelegate.swift */; };
		D8FBA7811C602E2700F5455E /* Assets.xcassets in Resources */ = {isa = PBXBuildFile; fileRef = D8FBA7801C602E2700F5455E /* Assets.xcassets */; };
/* End PBXBuildFile section */

/* Begin PBXContainerItemProxy section */
		D8FBA76A1C602E2700F5455E /* PBXContainerItemProxy */ = {
			isa = PBXContainerItemProxy;
			containerPortal = D8FBA74E1C602E2700F5455E /* Project object */;
			proxyType = 1;
			remoteGlobalIDString = D8FBA7671C602E2700F5455E;
			remoteInfo = "RockPaperScissors WatchKit App";
		};
		D8FBA7791C602E2700F5455E /* PBXContainerItemProxy */ = {
			isa = PBXContainerItemProxy;
			containerPortal = D8FBA74E1C602E2700F5455E /* Project object */;
			proxyType = 1;
			remoteGlobalIDString = D8FBA7761C602E2700F5455E;
			remoteInfo = "RockPaperScissors WatchKit Extension";
		};
/* End PBXContainerItemProxy section */

/* Begin PBXCopyFilesBuildPhase section */
		D8FBA7881C602E2700F5455E /* Embed App Extensions */ = {
			isa = PBXCopyFilesBuildPhase;
			buildActionMask = 2147483647;
			dstPath = "";
			dstSubfolderSpec = 13;
			files = (
				D8FBA7781C602E2700F5455E /* RockPaperScissors WatchKit Extension.appex in Embed App Extensions */,
			);
			name = "Embed App Extensions";
			runOnlyForDeploymentPostprocessing = 0;
		};
		D8FBA78C1C602E2700F5455E /* Embed Watch Content */ = {
			isa = PBXCopyFilesBuildPhase;
			buildActionMask = 2147483647;
			dstPath = "$(CONTENTS_FOLDER_PATH)/Watch";
			dstSubfolderSpec = 16;
			files = (
				D8FBA7691C602E2700F5455E /* RockPaperScissors WatchKit App.app in Embed Watch Content */,
			);
			name = "Embed Watch Content";
			runOnlyForDeploymentPostprocessing = 0;
		};
/* End PBXCopyFilesBuildPhase section */

/* Begin PBXFileReference section */
		D8FBA7561C602E2700F5455E /* RockPaperScissors.app */ = {isa = PBXFileReference; explicitFileType = wrapper.application; includeInIndex = 0; path = RockPaperScissors.app; sourceTree = BUILT_PRODUCTS_DIR; };
		D8FBA7591C602E2700F5455E /* AppDelegate.swift */ = {isa = PBXFileReference; lastKnownFileType = sourcecode.swift; path = AppDelegate.swift; sourceTree = "<group>"; };
		D8FBA75B1C602E2700F5455E /* ViewController.swift */ = {isa = PBXFileReference; lastKnownFileType = sourcecode.swift; path = ViewController.swift; sourceTree = "<group>"; };
		D8FBA75E1C602E2700F5455E /* Base */ = {isa = PBXFileReference; lastKnownFileType = file.storyboard; name = Base; path = Base.lproj/Main.storyboard; sourceTree = "<group>"; };
		D8FBA7601C602E2700F5455E /* Assets.xcassets */ = {isa = PBXFileReference; lastKnownFileType = folder.assetcatalog; path = Assets.xcassets; sourceTree = "<group>"; };
		D8FBA7631C602E2700F5455E /* Base */ = {isa = PBXFileReference; lastKnownFileType = file.storyboard; name = Base; path = Base.lproj/LaunchScreen.storyboard; sourceTree = "<group>"; };
		D8FBA7651C602E2700F5455E /* Info.plist */ = {isa = PBXFileReference; lastKnownFileType = text.plist.xml; path = Info.plist; sourceTree = "<group>"; };
		D8FBA7681C602E2700F5455E /* RockPaperScissors WatchKit App.app */ = {isa = PBXFileReference; explicitFileType = wrapper.application; includeInIndex = 0; path = "RockPaperScissors WatchKit App.app"; sourceTree = BUILT_PRODUCTS_DIR; };
		D8FBA76E1C602E2700F5455E /* Base */ = {isa = PBXFileReference; lastKnownFileType = file.storyboard; name = Base; path = Base.lproj/Interface.storyboard; sourceTree = "<group>"; };
		D8FBA7701C602E2700F5455E /* Assets.xcassets */ = {isa = PBXFileReference; lastKnownFileType = folder.assetcatalog; path = Assets.xcassets; sourceTree = "<group>"; };
		D8FBA7721C602E2700F5455E /* Info.plist */ = {isa = PBXFileReference; lastKnownFileType = text.plist.xml; path = Info.plist; sourceTree = "<group>"; };
		D8FBA7771C602E2700F5455E /* RockPaperScissors WatchKit Extension.appex */ = {isa = PBXFileReference; explicitFileType = "wrapper.app-extension"; includeInIndex = 0; path = "RockPaperScissors WatchKit Extension.appex"; sourceTree = BUILT_PRODUCTS_DIR; };
		D8FBA77C1C602E2700F5455E /* InterfaceController.swift */ = {isa = PBXFileReference; lastKnownFileType = sourcecode.swift; path = InterfaceController.swift; sourceTree = "<group>"; };
		D8FBA77E1C602E2700F5455E /* ExtensionDelegate.swift */ = {isa = PBXFileReference; lastKnownFileType = sourcecode.swift; path = ExtensionDelegate.swift; sourceTree = "<group>"; };
		D8FBA7801C602E2700F5455E /* Assets.xcassets */ = {isa = PBXFileReference; lastKnownFileType = folder.assetcatalog; path = Assets.xcassets; sourceTree = "<group>"; };
		D8FBA7821C602E2700F5455E /* Info.plist */ = {isa = PBXFileReference; lastKnownFileType = text.plist.xml; path = Info.plist; sourceTree = "<group>"; };
/* End PBXFileReference section */

/* Begin PBXFrameworksBuildPhase section */
		D8FBA7531C602E2700F5455E /* Frameworks */ = {
			isa = PBXFrameworksBuildPhase;
			buildActionMask = 2147483647;
			files = (
			);
			runOnlyForDeploymentPostprocessing = 0;
		};
		D8FBA7741C602E2700F5455E /* Frameworks */ = {
			isa = PBXFrameworksBuildPhase;
			buildActionMask = 2147483647;
			files = (
			);
			runOnlyForDeploymentPostprocessing = 0;
		};
/* End PBXFrameworksBuildPhase section */

/* Begin PBXGroup section */
		D8FBA74D1C602E2700F5455E = {
			isa = PBXGroup;
			children = (
				D8FBA7581C602E2700F5455E /* RockPaperScissors */,
				D8FBA76C1C602E2700F5455E /* RockPaperScissors WatchKit App */,
				D8FBA77B1C602E2700F5455E /* RockPaperScissors WatchKit Extension */,
				D8FBA7571C602E2700F5455E /* Products */,
			);
			sourceTree = "<group>";
		};
		D8FBA7571C602E2700F5455E /* Products */ = {
			isa = PBXGroup;
			children = (
				D8FBA7561C602E2700F5455E /* RockPaperScissors.app */,
				D8FBA7681C602E2700F5455E /* RockPaperScissors WatchKit App.app */,
				D8FBA7771C602E2700F5455E /* RockPaperScissors WatchKit Extension.appex */,
			);
			name = Products;
			sourceTree = "<group>";
		};
		D8FBA7581C602E2700F5455E /* RockPaperScissors */ = {
			isa = PBXGroup;
			children = (
				D8FBA7591C602E2700F5455E /* AppDelegate.swift */,
				D8FBA75B1C602E2700F5455E /* ViewController.swift */,
				D8FBA75D1C602E2700F5455E /* Main.storyboard */,
				D8FBA7601C602E2700F5455E /* Assets.xcassets */,
				D8FBA7621C602E2700F5455E /* LaunchScreen.storyboard */,
				D8FBA7651C602E2700F5455E /* Info.plist */,
			);
			path = RockPaperScissors;
			sourceTree = "<group>";
		};
		D8FBA76C1C602E2700F5455E /* RockPaperScissors WatchKit App */ = {
			isa = PBXGroup;
			children = (
				D8FBA76D1C602E2700F5455E /* Interface.storyboard */,
				D8FBA7701C602E2700F5455E /* Assets.xcassets */,
				D8FBA7721C602E2700F5455E /* Info.plist */,
			);
			path = "RockPaperScissors WatchKit App";
			sourceTree = "<group>";
		};
		D8FBA77B1C602E2700F5455E /* RockPaperScissors WatchKit Extension */ = {
			isa = PBXGroup;
			children = (
				D8FBA77C1C602E2700F5455E /* InterfaceController.swift */,
				D8FBA77E1C602E2700F5455E /* ExtensionDelegate.swift */,
				D8FBA7801C602E2700F5455E /* Assets.xcassets */,
				D8FBA7821C602E2700F5455E /* Info.plist */,
			);
			path = "RockPaperScissors WatchKit Extension";
			sourceTree = "<group>";
		};
/* End PBXGroup section */

/* Begin PBXNativeTarget section */
		D8FBA7551C602E2700F5455E /* RockPaperScissors */ = {
			isa = PBXNativeTarget;
			buildConfigurationList = D8FBA78D1C602E2700F5455E /* Build configuration list for PBXNativeTarget "RockPaperScissors" */;
			buildPhases = (
				D8FBA7521C602E2700F5455E /* Sources */,
				D8FBA7531C602E2700F5455E /* Frameworks */,
				D8FBA7541C602E2700F5455E /* Resources */,
				D8FBA78C1C602E2700F5455E /* Embed Watch Content */,
			);
			buildRules = (
			);
			dependencies = (
				D8FBA76B1C602E2700F5455E /* PBXTargetDependency */,
			);
			name = RockPaperScissors;
			productName = RockPaperScissors;
			productReference = D8FBA7561C602E2700F5455E /* RockPaperScissors.app */;
			productType = "com.apple.product-type.application";
		};
		D8FBA7671C602E2700F5455E /* RockPaperScissors WatchKit App */ = {
			isa = PBXNativeTarget;
			buildConfigurationList = D8FBA7891C602E2700F5455E /* Build configuration list for PBXNativeTarget "RockPaperScissors WatchKit App" */;
			buildPhases = (
				D8FBA7661C602E2700F5455E /* Resources */,
				D8FBA7881C602E2700F5455E /* Embed App Extensions */,
			);
			buildRules = (
			);
			dependencies = (
				D8FBA77A1C602E2700F5455E /* PBXTargetDependency */,
			);
			name = "RockPaperScissors WatchKit App";
			productName = "RockPaperScissors WatchKit App";
			productReference = D8FBA7681C602E2700F5455E /* RockPaperScissors WatchKit App.app */;
			productType = "com.apple.product-type.application.watchapp2";
		};
		D8FBA7761C602E2700F5455E /* RockPaperScissors WatchKit Extension */ = {
			isa = PBXNativeTarget;
			buildConfigurationList = D8FBA7851C602E2700F5455E /* Build configuration list for PBXNativeTarget "RockPaperScissors WatchKit Extension" */;
			buildPhases = (
				D8FBA7731C602E2700F5455E /* Sources */,
				D8FBA7741C602E2700F5455E /* Frameworks */,
				D8FBA7751C602E2700F5455E /* Resources */,
			);
			buildRules = (
			);
			dependencies = (
			);
			name = "RockPaperScissors WatchKit Extension";
			productName = "RockPaperScissors WatchKit Extension";
			productReference = D8FBA7771C602E2700F5455E /* RockPaperScissors WatchKit Extension.appex */;
			productType = "com.apple.product-type.watchkit2-extension";
		};
/* End PBXNativeTarget section */

/* Begin PBXProject section */
		D8FBA74E1C602E2700F5455E /* Project object */ = {
			isa = PBXProject;
			attributes = {
				LastSwiftUpdateCheck = 0720;
				LastUpgradeCheck = 0720;
				ORGANIZATIONNAME = "Nathan Fulkerson";
				TargetAttributes = {
					D8FBA7551C602E2700F5455E = {
						CreatedOnToolsVersion = 7.2;
					};
					D8FBA7671C602E2700F5455E = {
						CreatedOnToolsVersion = 7.2;
					};
					D8FBA7761C602E2700F5455E = {
						CreatedOnToolsVersion = 7.2;
					};
				};
			};
			buildConfigurationList = D8FBA7511C602E2700F5455E /* Build configuration list for PBXProject "RockPaperScissors" */;
			compatibilityVersion = "Xcode 3.2";
			developmentRegion = English;
			hasScannedForEncodings = 0;
			knownRegions = (
				en,
				Base,
			);
			mainGroup = D8FBA74D1C602E2700F5455E;
			productRefGroup = D8FBA7571C602E2700F5455E /* Products */;
			projectDirPath = "";
			projectRoot = "";
			targets = (
				D8FBA7551C602E2700F5455E /* RockPaperScissors */,
				D8FBA7671C602E2700F5455E /* RockPaperScissors WatchKit App */,
				D8FBA7761C602E2700F5455E /* RockPaperScissors WatchKit Extension */,
			);
		};
/* End PBXProject section */

/* Begin PBXResourcesBuildPhase section */
		D8FBA7541C602E2700F5455E /* Resources */ = {
			isa = PBXResourcesBuildPhase;
			buildActionMask = 2147483647;
			files = (
				D8FBA7641C602E2700F5455E /* LaunchScreen.storyboard in Resources */,
				D8FBA7611C602E2700F5455E /* Assets.xcassets in Resources */,
				D8FBA75F1C602E2700F5455E /* Main.storyboard in Resources */,
			);
			runOnlyForDeploymentPostprocessing = 0;
		};
		D8FBA7661C602E2700F5455E /* Resources */ = {
			isa = PBXResourcesBuildPhase;
			buildActionMask = 2147483647;
			files = (
				D8FBA7711C602E2700F5455E /* Assets.xcassets in Resources */,
				D8FBA76F1C602E2700F5455E /* Interface.storyboard in Resources */,
			);
			runOnlyForDeploymentPostprocessing = 0;
		};
		D8FBA7751C602E2700F5455E /* Resources */ = {
			isa = PBXResourcesBuildPhase;
			buildActionMask = 2147483647;
			files = (
				D8FBA7811C602E2700F5455E /* Assets.xcassets in Resources */,
			);
			runOnlyForDeploymentPostprocessing = 0;
		};
/* End PBXResourcesBuildPhase section */

/* Begin PBXSourcesBuildPhase section */
		D8FBA7521C602E2700F5455E /* Sources */ = {
			isa = PBXSourcesBuildPhase;
			buildActionMask = 2147483647;
			files = (
				D8FBA75C1C602E2700F5455E /* ViewController.swift in Sources */,
				D8FBA75A1C602E2700F5455E /* AppDelegate.swift in Sources */,
			);
			runOnlyForDeploymentPostprocessing = 0;
		};
		D8FBA7731C602E2700F5455E /* Sources */ = {
			isa = PBXSourcesBuildPhase;
			buildActionMask = 2147483647;
			files = (
				D8FBA77F1C602E2700F5455E /* ExtensionDelegate.swift in Sources */,
				D8FBA77D1C602E2700F5455E /* InterfaceController.swift in Sources */,
			);
			runOnlyForDeploymentPostprocessing = 0;
		};
/* End PBXSourcesBuildPhase section */

/* Begin PBXTargetDependency section */
		D8FBA76B1C602E2700F5455E /* PBXTargetDependency */ = {
			isa = PBXTargetDependency;
			target = D8FBA7671C602E2700F5455E /* RockPaperScissors WatchKit App */;
			targetProxy = D8FBA76A1C602E2700F5455E /* PBXContainerItemProxy */;
		};
		D8FBA77A1C602E2700F5455E /* PBXTargetDependency */ = {
			isa = PBXTargetDependency;
			target = D8FBA7761C602E2700F5455E /* RockPaperScissors WatchKit Extension */;
			targetProxy = D8FBA7791C602E2700F5455E /* PBXContainerItemProxy */;
		};
/* End PBXTargetDependency section */

/* Begin PBXVariantGroup section */
		D8FBA75D1C602E2700F5455E /* Main.storyboard */ = {
			isa = PBXVariantGroup;
			children = (
				D8FBA75E1C602E2700F5455E /* Base */,
			);
			name = Main.storyboard;
			sourceTree = "<group>";
		};
		D8FBA7621C602E2700F5455E /* LaunchScreen.storyboard */ = {
			isa = PBXVariantGroup;
			children = (
				D8FBA7631C602E2700F5455E /* Base */,
			);
			name = LaunchScreen.storyboard;
			sourceTree = "<group>";
		};
		D8FBA76D1C602E2700F5455E /* Interface.storyboard */ = {
			isa = PBXVariantGroup;
			children = (
				D8FBA76E1C602E2700F5455E /* Base */,
			);
			name = Interface.storyboard;
			sourceTree = "<group>";
		};
/* End PBXVariantGroup section */

/* Begin XCBuildConfiguration section */
		D8FBA7831C602E2700F5455E /* Debug */ = {
			isa = XCBuildConfiguration;
			buildSettings = {
				ALWAYS_SEARCH_USER_PATHS = NO;
				CLANG_CXX_LANGUAGE_STANDARD = "gnu++0x";
				CLANG_CXX_LIBRARY = "libc++";
				CLANG_ENABLE_MODULES = YES;
				CLANG_ENABLE_OBJC_ARC = YES;
				CLANG_WARN_BOOL_CONVERSION = YES;
				CLANG_WARN_CONSTANT_CONVERSION = YES;
				CLANG_WARN_DIRECT_OBJC_ISA_USAGE = YES_ERROR;
				CLANG_WARN_EMPTY_BODY = YES;
				CLANG_WARN_ENUM_CONVERSION = YES;
				CLANG_WARN_INT_CONVERSION = YES;
				CLANG_WARN_OBJC_ROOT_CLASS = YES_ERROR;
				CLANG_WARN_UNREACHABLE_CODE = YES;
				CLANG_WARN__DUPLICATE_METHOD_MATCH = YES;
				"CODE_SIGN_IDENTITY[sdk=iphoneos*]" = "iPhone Developer";
				COPY_PHASE_STRIP = NO;
				DEBUG_INFORMATION_FORMAT = dwarf;
				ENABLE_STRICT_OBJC_MSGSEND = YES;
				ENABLE_TESTABILITY = YES;
				GCC_C_LANGUAGE_STANDARD = gnu99;
				GCC_DYNAMIC_NO_PIC = NO;
				GCC_NO_COMMON_BLOCKS = YES;
				GCC_OPTIMIZATION_LEVEL = 0;
				GCC_PREPROCESSOR_DEFINITIONS = (
					"DEBUG=1",
					"$(inherited)",
				);
				GCC_WARN_64_TO_32_BIT_CONVERSION = YES;
				GCC_WARN_ABOUT_RETURN_TYPE = YES_ERROR;
				GCC_WARN_UNDECLARED_SELECTOR = YES;
				GCC_WARN_UNINITIALIZED_AUTOS = YES_AGGRESSIVE;
				GCC_WARN_UNUSED_FUNCTION = YES;
				GCC_WARN_UNUSED_VARIABLE = YES;
				IPHONEOS_DEPLOYMENT_TARGET = 9.2;
				MTL_ENABLE_DEBUG_INFO = YES;
				ONLY_ACTIVE_ARCH = YES;
				SDKROOT = iphoneos;
				SWIFT_OPTIMIZATION_LEVEL = "-Onone";
			};
			name = Debug;
		};
		D8FBA7841C602E2700F5455E /* Release */ = {
			isa = XCBuildConfiguration;
			buildSettings = {
				ALWAYS_SEARCH_USER_PATHS = NO;
				CLANG_CXX_LANGUAGE_STANDARD = "gnu++0x";
				CLANG_CXX_LIBRARY = "libc++";
				CLANG_ENABLE_MODULES = YES;
				CLANG_ENABLE_OBJC_ARC = YES;
				CLANG_WARN_BOOL_CONVERSION = YES;
				CLANG_WARN_CONSTANT_CONVERSION = YES;
				CLANG_WARN_DIRECT_OBJC_ISA_USAGE = YES_ERROR;
				CLANG_WARN_EMPTY_BODY = YES;
				CLANG_WARN_ENUM_CONVERSION = YES;
				CLANG_WARN_INT_CONVERSION = YES;
				CLANG_WARN_OBJC_ROOT_CLASS = YES_ERROR;
				CLANG_WARN_UNREACHABLE_CODE = YES;
				CLANG_WARN__DUPLICATE_METHOD_MATCH = YES;
				"CODE_SIGN_IDENTITY[sdk=iphoneos*]" = "iPhone Developer";
				COPY_PHASE_STRIP = NO;
				DEBUG_INFORMATION_FORMAT = "dwarf-with-dsym";
				ENABLE_NS_ASSERTIONS = NO;
				ENABLE_STRICT_OBJC_MSGSEND = YES;
				GCC_C_LANGUAGE_STANDARD = gnu99;
				GCC_NO_COMMON_BLOCKS = YES;
				GCC_WARN_64_TO_32_BIT_CONVERSION = YES;
				GCC_WARN_ABOUT_RETURN_TYPE = YES_ERROR;
				GCC_WARN_UNDECLARED_SELECTOR = YES;
				GCC_WARN_UNINITIALIZED_AUTOS = YES_AGGRESSIVE;
				GCC_WARN_UNUSED_FUNCTION = YES;
				GCC_WARN_UNUSED_VARIABLE = YES;
				IPHONEOS_DEPLOYMENT_TARGET = 9.2;
				MTL_ENABLE_DEBUG_INFO = NO;
				SDKROOT = iphoneos;
				VALIDATE_PRODUCT = YES;
			};
			name = Release;
		};
		D8FBA7861C602E2700F5455E /* Debug */ = {
			isa = XCBuildConfiguration;
			buildSettings = {
				INFOPLIST_FILE = "RockPaperScissors WatchKit Extension/Info.plist";
				LD_RUNPATH_SEARCH_PATHS = "$(inherited) @executable_path/Frameworks @executable_path/../../Frameworks";
				PRODUCT_BUNDLE_IDENTIFIER = com.nfulkerson.RockPaperScissors.watchkitapp.watchkitextension;
				PRODUCT_NAME = "${TARGET_NAME}";
				SDKROOT = watchos;
				SKIP_INSTALL = YES;
				TARGETED_DEVICE_FAMILY = 4;
				WATCHOS_DEPLOYMENT_TARGET = 2.1;
			};
			name = Debug;
		};
		D8FBA7871C602E2700F5455E /* Release */ = {
			isa = XCBuildConfiguration;
			buildSettings = {
				INFOPLIST_FILE = "RockPaperScissors WatchKit Extension/Info.plist";
				LD_RUNPATH_SEARCH_PATHS = "$(inherited) @executable_path/Frameworks @executable_path/../../Frameworks";
				PRODUCT_BUNDLE_IDENTIFIER = com.nfulkerson.RockPaperScissors.watchkitapp.watchkitextension;
				PRODUCT_NAME = "${TARGET_NAME}";
				SDKROOT = watchos;
				SKIP_INSTALL = YES;
				TARGETED_DEVICE_FAMILY = 4;
				WATCHOS_DEPLOYMENT_TARGET = 2.1;
			};
			name = Release;
		};
		D8FBA78A1C602E2700F5455E /* Debug */ = {
			isa = XCBuildConfiguration;
			buildSettings = {
				ASSETCATALOG_COMPILER_APPICON_NAME = AppIcon;
				EMBEDDED_CONTENT_CONTAINS_SWIFT = YES;
				IBSC_MODULE = RockPaperScissors_WatchKit_Extension;
				INFOPLIST_FILE = "RockPaperScissors WatchKit App/Info.plist";
				PRODUCT_BUNDLE_IDENTIFIER = com.nfulkerson.RockPaperScissors.watchkitapp;
				PRODUCT_NAME = "$(TARGET_NAME)";
				SDKROOT = watchos;
				SKIP_INSTALL = YES;
				TARGETED_DEVICE_FAMILY = 4;
				WATCHOS_DEPLOYMENT_TARGET = 2.1;
			};
			name = Debug;
		};
		D8FBA78B1C602E2700F5455E /* Release */ = {
			isa = XCBuildConfiguration;
			buildSettings = {
				ASSETCATALOG_COMPILER_APPICON_NAME = AppIcon;
				EMBEDDED_CONTENT_CONTAINS_SWIFT = YES;
				IBSC_MODULE = RockPaperScissors_WatchKit_Extension;
				INFOPLIST_FILE = "RockPaperScissors WatchKit App/Info.plist";
				PRODUCT_BUNDLE_IDENTIFIER = com.nfulkerson.RockPaperScissors.watchkitapp;
				PRODUCT_NAME = "$(TARGET_NAME)";
				SDKROOT = watchos;
				SKIP_INSTALL = YES;
				TARGETED_DEVICE_FAMILY = 4;
				WATCHOS_DEPLOYMENT_TARGET = 2.1;
			};
			name = Release;
		};
		D8FBA78E1C602E2700F5455E /* Debug */ = {
			isa = XCBuildConfiguration;
			buildSettings = {
				ASSETCATALOG_COMPILER_APPICON_NAME = AppIcon;
				INFOPLIST_FILE = RockPaperScissors/Info.plist;
				LD_RUNPATH_SEARCH_PATHS = "$(inherited) @executable_path/Frameworks";
				PRODUCT_BUNDLE_IDENTIFIER = com.nfulkerson.RockPaperScissors;
				PRODUCT_NAME = "$(TARGET_NAME)";
			};
			name = Debug;
		};
		D8FBA78F1C602E2700F5455E /* Release */ = {
			isa = XCBuildConfiguration;
			buildSettings = {
				ASSETCATALOG_COMPILER_APPICON_NAME = AppIcon;
				INFOPLIST_FILE = RockPaperScissors/Info.plist;
				LD_RUNPATH_SEARCH_PATHS = "$(inherited) @executable_path/Frameworks";
				PRODUCT_BUNDLE_IDENTIFIER = com.nfulkerson.RockPaperScissors;
				PRODUCT_NAME = "$(TARGET_NAME)";
			};
			name = Release;
		};
/* End XCBuildConfiguration section */

/* Begin XCConfigurationList section */
		D8FBA7511C602E2700F5455E /* Build configuration list for PBXProject "RockPaperScissors" */ = {
			isa = XCConfigurationList;
			buildConfigurations = (
				D8FBA7831C602E2700F5455E /* Debug */,
				D8FBA7841C602E2700F5455E /* Release */,
			);
			defaultConfigurationIsVisible = 0;
			defaultConfigurationName = Release;
		};
		D8FBA7851C602E2700F5455E /* Build configuration list for PBXNativeTarget "RockPaperScissors WatchKit Extension" */ = {
			isa = XCConfigurationList;
			buildConfigurations = (
				D8FBA7861C602E2700F5455E /* Debug */,
				D8FBA7871C602E2700F5455E /* Release */,
			);
			defaultConfigurationIsVisible = 0;
		};
		D8FBA7891C602E2700F5455E /* Build configuration list for PBXNativeTarget "RockPaperScissors WatchKit App" */ = {
			isa = XCConfigurationList;
			buildConfigurations = (
				D8FBA78A1C602E2700F5455E /* Debug */,
				D8FBA78B1C602E2700F5455E /* Release */,
			);
			defaultConfigurationIsVisible = 0;
		};
		D8FBA78D1C602E2700F5455E /* Build configuration list for PBXNativeTarget "RockPaperScissors" */ = {
			isa = XCConfigurationList;
			buildConfigurations = (
				D8FBA78E1C602E2700F5455E /* Debug */,
				D8FBA78F1C602E2700F5455E /* Release */,
			);
			defaultConfigurationIsVisible = 0;
		};
/* End XCConfigurationList section */
	};
	rootObject = D8FBA74E1C602E2700F5455E /* Project object */;
}
